
Microsoft Visual Studio Solution File, Format Version 12.00
# Visual Studio Version 16
VisualStudioVersion = 16.0.30523.141
MinimumVisualStudioVersion = 10.0.40219.1
Project("{FAE04EC0-301F-11D3-BF4B-00C04F79EFBC}") = "ArgsShareConsole", "ArgsShareConsole\ArgsShareConsole.csproj", "{EDC8C2E9-0394-4050-AA00-9FF76D0F1A2E}"
EndProject
Project("{FAE04EC0-301F-11D3-BF4B-00C04F79EFBC}") = "ArgsShare", "ArgsShare\ArgsShare.csproj", "{901E6902-69FA-4C77-A5A7-B384E8C21959}"
EndProject
Global
	GlobalSection(SolutionConfigurationPlatforms) = preSolution
		Debug|Any CPU = Debug|Any CPU
		Release|Any CPU = Release|Any CPU
	EndGlobalSection
	GlobalSection(ProjectConfigurationPlatforms) = postSolution
		{EDC8C2E9-0394-4050-AA00-9FF76D0F1A2E}.Debug|Any CPU.ActiveCfg = Debug|Any CPU
		{EDC8C2E9-0394-4050-AA00-9FF76D0F1A2E}.Debug|Any CPU.Build.0 = Debug|Any CPU
		{EDC8C2E9-0394-4050-AA00-9FF76D0F1A2E}.Release|Any CPU.ActiveCfg = Release|Any CPU
		{EDC8C2E9-0394-4050-AA00-9FF76D0F1A2E}.Release|Any CPU.Build.0 = Release|Any CPU
		{901E6902-69FA-4C77-A5A7-B384E8C21959}.Debug|Any CPU.ActiveCfg = Debug|Any CPU
		{901E6902-69FA-4C77-A5A7-B384E8C21959}.Debug|Any CPU.Build.0 = Debug|Any CPU
		{901E6902-69FA-4C77-A5A7-B384E8C21959}.Release|Any CPU.ActiveCfg = Release|Any CPU
		{901E6902-69FA-4C77-A5A7-B384E8C21959}.Release|Any CPU.Build.0 = Release|Any CPU
	EndGlobalSection
	GlobalSection(SolutionProperties) = preSolution
		HideSolutionNode = FALSE
	EndGlobalSection
	GlobalSection(ExtensibilityGlobals) = postSolution
		SolutionGuid = {13A1B12F-06F3-4C57-BD66-9FDF4053CC80}
	EndGlobalSection
EndGlobal
